
Microsoft Visual Studio Solution File, Format Version 12.00
# Visual Studio 15
VisualStudioVersion = 15.0.28010.2026
MinimumVisualStudioVersion = 10.0.40219.1
Project("{FAE04EC0-301F-11D3-BF4B-00C04F79EFBC}") = "ks.fiks.io.fagsystem.arkiv.sample", "ks.fiks.io.fagsystem.arkiv.sample\ks.fiks.io.fagsystem.arkiv.sample.csproj", "{38F30466-7A2E-49B9-B343-C2BD4BBAD23E}"
EndProject
Global
	GlobalSection(SolutionConfigurationPlatforms) = preSolution
		Debug|Any CPU = Debug|Any CPU
		Release|Any CPU = Release|Any CPU
	EndGlobalSection
	GlobalSection(ProjectConfigurationPlatforms) = postSolution
		{38F30466-7A2E-49B9-B343-C2BD4BBAD23E}.Debug|Any CPU.ActiveCfg = Debug|Any CPU
		{38F30466-7A2E-49B9-B343-C2BD4BBAD23E}.Debug|Any CPU.Build.0 = Debug|Any CPU
		{38F30466-7A2E-49B9-B343-C2BD4BBAD23E}.Release|Any CPU.ActiveCfg = Release|Any CPU
		{38F30466-7A2E-49B9-B343-C2BD4BBAD23E}.Release|Any CPU.Build.0 = Release|Any CPU
	EndGlobalSection
	GlobalSection(SolutionProperties) = preSolution
		HideSolutionNode = FALSE
	EndGlobalSection
	GlobalSection(ExtensibilityGlobals) = postSolution
		SolutionGuid = {BF81E1A3-D3DF-47FF-AE5A-6AA273BFE3AB}
	EndGlobalSection
EndGlobal
